# This file is autogenerated, do not edit; changes may be undone by the next 'dep ensure'.


[[projects]]
  name = "github.com/DataDog/datadog-go"
  packages = ["statsd"]
  revision = "0ddda6bee21174ef6c4873647cb0d6ec9cba996f"
  version = "1.1.0"

[[projects]]
  branch = "master"
  name = "github.com/Dieterbe/artisanalhistogram"
  packages = [
    "hist12h",
    "hist15s"
  ]
  revision = "f61b7225d304620f6f2c5cbb21435d0957115429"

[[projects]]
  name = "github.com/Dieterbe/profiletrigger"
  packages = ["heap"]
  revision = "d90c4b0cfeed756381675e85cc6e6b8a02cb01a6"

[[projects]]
  name = "github.com/Microsoft/go-winio"
  packages = ["."]
  revision = "78439966b38d69bf38227fbf57ac8a6fee70f69a"
  version = "v0.4.5"

[[projects]]
  name = "github.com/Shopify/sarama"
  packages = ["."]
  revision = "bd61cae2be85fa6ff40eb23dcdd24567967ac2ae"
  version = "v1.10.1"

[[projects]]
  name = "github.com/Sirupsen/logrus"
  packages = ["."]
  revision = "55eb11d21d2a31a3cc93838241d04800f52e823d"
  version = "v0.7.3"

[[projects]]
  name = "github.com/Unknwon/com"
  packages = ["."]
  revision = "28b053d5a2923b87ce8c5a08f3af779894a72758"
  version = "v1"

[[projects]]
  branch = "master"
  name = "github.com/alyu/configparser"
  packages = ["."]
  revision = "26b2fe18bee125de2a3090d6fadb7e280e63eba6"

[[projects]]
  name = "github.com/apache/thrift"
  packages = ["lib/go/thrift"]
  revision = "b2a4d4ae21c789b689dd162deb819665567f481c"
  version = "0.10.0"

[[projects]]
  name = "github.com/armon/go-metrics"
  packages = ["."]
  revision = "06b60999766278efd6d2b5d8418a58c3d5b99e87"

[[projects]]
  branch = "master"
  name = "github.com/beorn7/perks"
  packages = ["quantile"]
  revision = "4c0e84591b9aa9e6dcfdf3e020114cd81f89d5f9"

[[projects]]
  name = "github.com/bitly/go-hostpool"
  packages = ["."]
  revision = "d0e59c22a56e8dadfed24f74f452cea5a52722d2"

[[projects]]
  name = "github.com/cespare/xxhash"
  packages = ["."]
  revision = "5c37fe3735342a2e0d01c87a907579987c8936cc"
  version = "v1.0.0"

[[projects]]
  branch = "master"
  name = "github.com/codahale/hdrhistogram"
  packages = ["."]
  revision = "3a0bb77429bd3a61596f5e8a3172445844342120"

[[projects]]
  name = "github.com/confluentinc/confluent-kafka-go"
  packages = ["kafka"]
  revision = "5e4d04e05fc319ce5996a867aafef29059f26862"
  version = "v0.11.4"

[[projects]]
  name = "github.com/davecgh/go-spew"
  packages = ["spew"]
  revision = "346938d642f2ec3594ed81d874461961cd0faa76"
  version = "v1.1.0"

[[projects]]
  name = "github.com/dgryski/go-bits"
  packages = ["."]
  revision = "2c7641e7dfe3945a0fe755f58c85ab306624956d"

[[projects]]
  name = "github.com/dgryski/go-linlog"
  packages = ["."]
  revision = "f18bb8a4e7bcd60fd4fb99f3e8752f5da20f70a2"

[[projects]]
  name = "github.com/dgryski/go-tsz"
  packages = [
    ".",
    "testdata"
  ]
  revision = "5f4c484a9e838989c201ff437b3cab59cfdc46c8"

[[projects]]
  name = "github.com/docker/distribution"
  packages = [
    "digest",
    "reference"
  ]
  revision = "48294d928ced5dd9b378f7fd7c6f5da3ff3f2c89"
  version = "v2.6.2"

[[projects]]
  name = "github.com/docker/docker"
  packages = [
    "api/types",
    "api/types/blkiodev",
    "api/types/container",
    "api/types/events",
    "api/types/filters",
    "api/types/mount",
    "api/types/network",
    "api/types/reference",
    "api/types/registry",
    "api/types/strslice",
    "api/types/swarm",
    "api/types/time",
    "api/types/versions",
    "api/types/volume",
    "client",
    "pkg/tlsconfig"
  ]
  revision = "092cba3727bb9b4a2f0e922cd6c0f93ea270e363"
  version = "v1.13.1"

[[projects]]
  name = "github.com/docker/go-connections"
  packages = [
    "nat",
    "sockets",
    "tlsconfig"
  ]
  revision = "3ede32e2033de7505e6500d6c868c2b9ed9f169d"
  version = "v0.3.0"

[[projects]]
  name = "github.com/docker/go-units"
  packages = ["."]
  revision = "0dadbb0345b35ec7ef35e228dabb8de89a65bf52"
  version = "v0.3.2"

[[projects]]
  name = "github.com/eapache/go-resiliency"
  packages = ["breaker"]
  revision = "b86b1ec0dd4209a588dc1285cdd471e73525c0b3"

[[projects]]
  branch = "master"
  name = "github.com/eapache/go-xerial-snappy"
  packages = ["."]
  revision = "bb955e01b9346ac19dc29eb16586c90ded99a98c"

[[projects]]
  name = "github.com/eapache/queue"
  packages = ["."]
  revision = "ded5959c0d4e360646dc9e9908cff48666781367"
  version = "v1.0.2"

[[projects]]
  branch = "master"
  name = "github.com/glacjay/goini"
  packages = ["."]
  revision = "fd3024d87ee21a36d3ccc4367f509fec89cd90ee"

[[projects]]
  name = "github.com/go-kit/kit"
  packages = [
    "log",
    "log/level"
  ]
  revision = "4dc7be5d2d12881735283bcab7352178e190fc71"
  version = "v0.6.0"

[[projects]]
  name = "github.com/go-logfmt/logfmt"
  packages = ["."]
  revision = "390ab7935ee28ec6b286364bba9b4dd6410cb3d5"
  version = "v0.3.0"

[[projects]]
  name = "github.com/go-macaron/binding"
  packages = ["."]
  revision = "a453235199f8898e01647db8820f937a184fbd09"

[[projects]]
  branch = "master"
  name = "github.com/go-macaron/inject"
  packages = ["."]
  revision = "d8a0b8677191f4380287cfebd08e462217bac7ad"

[[projects]]
  name = "github.com/go-stack/stack"
  packages = ["."]
  revision = "259ab82a6cad3992b4e21ff5cac294ccb06474bc"
  version = "v1.7.0"

[[projects]]
  name = "github.com/gocql/gocql"
  packages = [
    ".",
    "internal/lru",
    "internal/murmur",
    "internal/streams"
  ]
  revision = "d9815cdf0ff24e2efa9b8062f4f94a6dd347ae51"

[[projects]]
  name = "github.com/gogo/protobuf"
  packages = [
    "gogoproto",
    "proto",
    "protoc-gen-gogo/descriptor",
    "sortkeys",
    "types"
  ]
  revision = "1adfc126b41513cc696b209667c8656ea7aac67c"
  version = "v1.0.0"

[[projects]]
  name = "github.com/golang/protobuf"
  packages = [
    "jsonpb",
    "proto",
    "protoc-gen-go/descriptor",
    "ptypes",
    "ptypes/any",
    "ptypes/duration",
    "ptypes/struct",
    "ptypes/timestamp"
  ]
  revision = "925541529c1fa6821df4e44ce2723319eb2be768"
  version = "v1.0.0"

[[projects]]
  branch = "master"
  name = "github.com/golang/snappy"
  packages = ["."]
  revision = "553a641470496b2327abcac10b36396bd98e45c9"

[[projects]]
  name = "github.com/gopherjs/gopherjs"
  packages = ["js"]
  revision = "4b53e1bddba0e2f734514aeb6c02db652f4c6fe8"

[[projects]]
  name = "github.com/grpc-ecosystem/grpc-gateway"
  packages = [
    "runtime",
    "runtime/internal",
    "utilities"
  ]
  revision = "07f5e79768022f9a3265235f0db4ac8c3f675fec"
  version = "v1.3.1"

[[projects]]
  branch = "master"
  name = "github.com/hailocab/go-hostpool"
  packages = ["."]
  revision = "e80d13ce29ede4452c43dea11e79b9bc8a15b478"

[[projects]]
  branch = "master"
  name = "github.com/hashicorp/errwrap"
  packages = ["."]
  revision = "7554cd9344cec97297fa6649b055a8c98c2a1e55"

[[projects]]
  branch = "master"
  name = "github.com/hashicorp/go-msgpack"
  packages = ["codec"]
  revision = "fa3f63826f7c23912c15263591e65d54d080b458"

[[projects]]
  name = "github.com/hashicorp/go-multierror"
  packages = ["."]
  revision = "d30f09973e19c1dfcd120b2d9c4f168e68d6b5d5"

[[projects]]
  branch = "master"
  name = "github.com/hashicorp/go-sockaddr"
  packages = ["."]
  revision = "9b4c5fa5b10a683339a270d664474b9f4aee62fc"

[[projects]]
  branch = "master"
  name = "github.com/hashicorp/memberlist"
  packages = ["."]
  revision = "9bdd37bfb26bd039c08b0f36be6f80ceede4aaf3"

[[projects]]
  name = "github.com/jtolds/gls"
  packages = ["."]
  revision = "8ddce2a84170772b95dd5d576c48d517b22cac63"
  version = "v4.2.0"

[[projects]]
  name = "github.com/kisielk/og-rek"
  packages = ["."]
  revision = "ec792bc6e6aa06a6c490e8d292e15cca173c8bd3"

[[projects]]
  branch = "master"
  name = "github.com/kisielk/whisper-go"
  packages = ["whisper"]
  revision = "82e8091afdea241119c34a452fe24fcc2a0b962e"

[[projects]]
  name = "github.com/klauspost/compress"
  packages = [
    "flate",
    "gzip"
  ]
  revision = "14c9a76e3c95e47f8ccce949bba2c1101a8b85e6"

[[projects]]
  name = "github.com/klauspost/cpuid"
  packages = ["."]
  revision = "09cded8978dc9e80714c4d85b0322337b0a1e5e0"
  version = "v1.0"

[[projects]]
  name = "github.com/klauspost/crc32"
  packages = ["."]
  revision = "6834731faf32e62a2dd809d99fb24d1e4ae5a92d"

[[projects]]
  branch = "master"
  name = "github.com/kr/logfmt"
  packages = ["."]
  revision = "b84e30acd515aadc4b783ad4ff83aff3299bdfe0"

[[projects]]
  name = "github.com/matttproud/golang_protobuf_extensions"
  packages = ["pbutil"]
  revision = "3247c84500bff8d9fb6d579d800f20b3e091582c"
  version = "v1.0.0"

[[projects]]
  branch = "master"
  name = "github.com/metrics20/go-metrics20"
  packages = ["carbon20"]
  revision = "27c134d83f76d8d6d233e52c4d628e2ee2634d75"

[[projects]]
  name = "github.com/miekg/dns"
  packages = ["."]
  revision = "48c8acaf0c2dc19fbb4f1b2776c1cee4e6f65aa0"

[[projects]]
  branch = "master"
  name = "github.com/mitchellh/go-homedir"
  packages = ["."]
  revision = "b8bc1bf767474819792c23f32d8286a45736f1c6"

[[projects]]
  name = "github.com/mreiferson/go-snappystream"
  packages = [
    ".",
    "snappy-go"
  ]
  revision = "028eae7ab5c4c9e2d1cb4c4ca1e53259bbe7e504"
  version = "v0.2.3"

[[projects]]
  branch = "master"
  name = "github.com/nightlyone/lockfile"
  packages = ["."]
  revision = "6a197d5ea61168f2ac821de2b7f011b250904900"

[[projects]]
  name = "github.com/nsqio/go-nsq"
  packages = ["."]
  revision = "642a3f9935f12cb3b747294318d730f56f4c34b4"

[[projects]]
  name = "github.com/oklog/ulid"
  packages = ["."]
  revision = "d311cb43c92434ec4072dfbbda3400741d0a6337"
  version = "v0.3.0"

[[projects]]
  name = "github.com/opentracing/opentracing-go"
  packages = [
    ".",
    "ext",
    "log"
  ]
  revision = "8ebe5d4e236eed9fd88e593c288bfb804d630b8c"

[[projects]]
  name = "github.com/philhofer/fwd"
  packages = ["."]
  revision = "92647f2bd94a89b170c19e96e6456dd64ac37e1a"

[[projects]]
  name = "github.com/pkg/errors"
  packages = ["."]
  revision = "645ef00459ed84a119197bfb8d8205042c6df63d"
  version = "v0.8.0"

[[projects]]
  name = "github.com/prometheus/client_golang"
  packages = ["prometheus"]
  revision = "c5b7fccd204277076155f10851dad72b76a49317"
  version = "v0.8.0"

[[projects]]
  branch = "master"
  name = "github.com/prometheus/client_model"
  packages = ["go"]
  revision = "99fa1f4be8e564e8a6b613da7fa6f46c9edafc6c"

[[projects]]
  branch = "master"
  name = "github.com/prometheus/common"
  packages = [
    "expfmt",
    "internal/bitbucket.org/ww/goautoneg",
    "model"
  ]
  revision = "89604d197083d4781071d3c65855d24ecfb0a563"

[[projects]]
  branch = "master"
  name = "github.com/prometheus/procfs"
  packages = [
    ".",
    "internal/util",
    "nfs",
    "xfs"
  ]
  revision = "75f2d6163c7a100bed6e971044ea3de30ee3a678"

[[projects]]
  name = "github.com/prometheus/prometheus"
  packages = [
    "pkg/labels",
    "pkg/textparse",
    "pkg/timestamp",
    "pkg/value",
    "prompb",
    "promql",
    "storage",
    "storage/tsdb",
    "util/stats",
    "util/strutil",
    "util/testutil"
  ]
  revision = "85f23d82a045d103ea7f3c89a91fba4a93e6367a"
  version = "v2.1.0"

[[projects]]
  branch = "master"
  name = "github.com/prometheus/tsdb"
  packages = [
    ".",
    "chunkenc",
    "chunks",
    "fileutil",
    "index",
    "labels"
  ]
  revision = "f6c76078f5a1b4a0e56bd1c8caaeaf3ccbc447e3"

[[projects]]
  branch = "v2"
  name = "github.com/raintank/dur"
  packages = ["."]
  revision = "6ce9ec78e3a2ee918588104869369e5527aefe88"

[[projects]]
  branch = "master"
  name = "github.com/raintank/gziper"
  packages = ["."]
  revision = "ad70bdb176fa32c61c29d21cd053bdfd9f0ec329"

[[projects]]
  branch = "master"
  name = "github.com/raintank/met"
  packages = [
    ".",
    "dogstatsd",
    "helper",
    "statsd"
  ]
  revision = "05a94bb32ad1f23f4b01edb2edd06862d4a484d2"

[[projects]]
  branch = "master"
  name = "github.com/raintank/misc"
  packages = ["app"]
  revision = "cb73203311ae2489b845469f622678f24ff98a16"

[[projects]]
  name = "github.com/raintank/worldping-api"
  packages = ["pkg/log"]
  revision = "66b28f1160d1e0d7d236b5bd96a5d8eee627357c"

[[projects]]
  branch = "master"
  name = "github.com/rakyll/globalconf"
  packages = ["."]
  revision = "f3ec558991f8d5e7b1efcc291fa36edef6c47123"

[[projects]]
  name = "github.com/rs/cors"
  packages = ["."]
  revision = "a62a804a8a009876ca59105f7899938a1349f4b3"
  version = "v1.0"

[[projects]]
  name = "github.com/rs/xhandler"
  packages = ["."]
  revision = "ed27b6fd65218132ee50cd95f38474a3d8a2cd12"
  version = "v.11"

[[projects]]
  branch = "master"
  name = "github.com/sean-/seed"
  packages = ["."]
  revision = "e2103e2c35297fb7e17febb81e49b312087a2372"

[[projects]]
  name = "github.com/sergi/go-diff"
  packages = ["diffmatchpatch"]
  revision = "feef008d51ad2b3778f85d387ccf91735543008d"

[[projects]]
  name = "github.com/smartystreets/assertions"
  packages = [
    ".",
    "internal/go-render/render",
    "internal/oglematchers"
  ]
  revision = "443d812296a84445c202c085f19e18fc238f8250"

[[projects]]
  name = "github.com/smartystreets/goconvey"
  packages = [
    "convey",
    "convey/gotest",
    "convey/reporting"
  ]
  revision = "995f5b2e021c69b8b028ba6d0b05c1dd500783db"

[[projects]]
  name = "github.com/tinylib/msgp"
  packages = ["msgp"]
  revision = "0cea1fa86e8403be1284013014f87ab942056de8"
  version = "v1.0-beta"

[[projects]]
  name = "github.com/twinj/uuid"
  packages = ["."]
  revision = "835a10bbd6bce40820349a68b1368a62c3c5617c"
  version = "v1.0.0"

[[projects]]
  name = "github.com/uber/jaeger-client-go"
  packages = [
    ".",
    "config",
    "internal/baggage",
    "internal/baggage/remote",
    "internal/spanlog",
    "log",
    "rpcmetrics",
    "thrift-gen/agent",
    "thrift-gen/baggage",
    "thrift-gen/jaeger",
    "thrift-gen/sampling",
    "thrift-gen/zipkincore",
    "utils"
  ]
  revision = "ff3efa227b65e419701a4f48985379ca106a89e7"
  version = "v2.11.0"

[[projects]]
  name = "github.com/uber/jaeger-lib"
  packages = ["metrics"]
  revision = "c48167d9cae5887393dd5e61efd06a4a48b7fbb3"
  version = "v1.2.1"

[[projects]]
  name = "golang.org/x/net"
  packages = [
    "context",
    "context/ctxhttp",
    "http2",
    "http2/hpack",
    "idna",
    "internal/timeseries",
    "lex/httplex",
    "proxy",
    "trace"
  ]
  revision = "cbe0f9307d0156177f9dd5dc85da1a31abc5f2fb"

[[projects]]
  branch = "master"
  name = "golang.org/x/sync"
  packages = ["errgroup"]
  revision = "fd80eb99c8f653c847d294a001bdf2a3a6f768f5"

[[projects]]
  branch = "master"
  name = "golang.org/x/sys"
  packages = [
    "unix",
    "windows"
  ]
  revision = "8b4580aae2a0dd0c231a45d3ccb8434ff533b840"

[[projects]]
  name = "golang.org/x/text"
  packages = [
    "collate",
    "collate/build",
    "internal/colltab",
    "internal/gen",
    "internal/tag",
    "internal/triegen",
    "internal/ucd",
    "language",
    "secure/bidirule",
    "transform",
    "unicode/bidi",
    "unicode/cldr",
    "unicode/norm",
    "unicode/rangetable"
  ]
  revision = "f21a4dfb5e38f5895301dc265a8def02365cc3d0"
  version = "v0.3.0"

[[projects]]
  branch = "master"
  name = "google.golang.org/genproto"
  packages = [
    "googleapis/api/annotations",
    "googleapis/rpc/status"
  ]
  revision = "2d9486acae19cf9bd0c093d7dc236a323726a9e4"

[[projects]]
  name = "google.golang.org/grpc"
  packages = [
    ".",
    "balancer",
    "balancer/base",
    "balancer/roundrobin",
    "codes",
    "connectivity",
    "credentials",
    "encoding",
    "encoding/proto",
    "grpclb/grpc_lb_v1/messages",
    "grpclog",
    "internal",
    "keepalive",
    "metadata",
    "naming",
    "peer",
    "resolver",
    "resolver/dns",
    "resolver/passthrough",
    "stats",
    "status",
    "tap",
    "transport"
  ]
  revision = "8e4536a86ab602859c20df5ebfd0bd4228d08655"
  version = "v1.10.0"

[[projects]]
  branch = "v1"
  name = "gopkg.in/alexcesaro/statsd.v1"
  packages = ["."]
  revision = "c289775e46fd4576434c2ac3f3298ebe1f0a6ab7"

[[projects]]
  name = "gopkg.in/inf.v0"
  packages = ["."]
  revision = "3887ee99ecf07df5b447e9b00d9c0b2adaa9f3e4"
  version = "v0.9.0"

[[projects]]
  name = "gopkg.in/ini.v1"
  packages = ["."]
  revision = "6e4869b434bd001f6983749881c7ead3545887d8"
  version = "v1.21.1"

[[projects]]
  name = "gopkg.in/macaron.v1"
  packages = ["."]
  revision = "4974334b10dbb6f5c0e17f4c10555ff050a16329"
  version = "v1.1.8"

[[projects]]
  name = "gopkg.in/raintank/schema.v1"
  packages = [
    ".",
    "msg"
  ]
  revision = "c068e0c9c054af19c858b2d947741180c09ea6b1"
  version = "v1.6"

[solve-meta]
  analyzer-name = "dep"
  analyzer-version = 1
  inputs-digest = "eea56bedbd1b188f2b809506f13b09af0c1ce4f4641e41d80001ca73b1c9b1dd"
  solver-name = "gps-cdcl"
  solver-version = 1
